// !$*UTF8*$!
{
	archiveVersion = 1;
	classes = {
	};
	objectVersion = 46;
	objects = {

/* Begin PBXBuildFile section */
		988646641DC31B3A00E7CABE /* main.m in Sources */ = {isa = PBXBuildFile; fileRef = 988646631DC31B3A00E7CABE /* main.m */; };
		988646671DC31B3A00E7CABE /* AppDelegate.m in Sources */ = {isa = PBXBuildFile; fileRef = 988646661DC31B3A00E7CABE /* AppDelegate.m */; };
		9886466A1DC31B3A00E7CABE /* ViewController.m in Sources */ = {isa = PBXBuildFile; fileRef = 988646691DC31B3A00E7CABE /* ViewController.m */; };
		9886466D1DC31B3A00E7CABE /* Main.storyboard in Resources */ = {isa = PBXBuildFile; fileRef = 9886466B1DC31B3A00E7CABE /* Main.storyboard */; };
		9886466F1DC31B3A00E7CABE /* Assets.xcassets in Resources */ = {isa = PBXBuildFile; fileRef = 9886466E1DC31B3A00E7CABE /* Assets.xcassets */; };
		988646721DC31B3A00E7CABE /* LaunchScreen.storyboard in Resources */ = {isa = PBXBuildFile; fileRef = 988646701DC31B3A00E7CABE /* LaunchScreen.storyboard */; };
		9886467D1DC31B3A00E7CABE /* TestImageTests.m in Sources */ = {isa = PBXBuildFile; fileRef = 9886467C1DC31B3A00E7CABE /* TestImageTests.m */; };
		988646881DC31B3A00E7CABE /* TestImageUITests.m in Sources */ = {isa = PBXBuildFile; fileRef = 988646871DC31B3A00E7CABE /* TestImageUITests.m */; };
		988646961DC31D0E00E7CABE /* 1.jpg in Resources */ = {isa = PBXBuildFile; fileRef = 988646951DC31D0E00E7CABE /* 1.jpg */; };
		988646C41DC34A7500E7CABE /* MKAnnotationView+WebCache.m in Sources */ = {isa = PBXBuildFile; fileRef = 9886469D1DC34A7500E7CABE /* MKAnnotationView+WebCache.m */; };
		988646C51DC34A7500E7CABE /* NSData+ImageContentType.m in Sources */ = {isa = PBXBuildFile; fileRef = 9886469F1DC34A7500E7CABE /* NSData+ImageContentType.m */; };
		988646C61DC34A7500E7CABE /* NSImage+WebCache.m in Sources */ = {isa = PBXBuildFile; fileRef = 988646A11DC34A7500E7CABE /* NSImage+WebCache.m */; };
		988646C71DC34A7500E7CABE /* SDImageCache.m in Sources */ = {isa = PBXBuildFile; fileRef = 988646A31DC34A7500E7CABE /* SDImageCache.m */; };
		988646C81DC34A7500E7CABE /* SDImageCacheConfig.m in Sources */ = {isa = PBXBuildFile; fileRef = 988646A51DC34A7500E7CABE /* SDImageCacheConfig.m */; };
		988646C91DC34A7500E7CABE /* SDWebImageCompat.m in Sources */ = {isa = PBXBuildFile; fileRef = 988646A71DC34A7500E7CABE /* SDWebImageCompat.m */; };
		988646CA1DC34A7500E7CABE /* SDWebImageDecoder.m in Sources */ = {isa = PBXBuildFile; fileRef = 988646A91DC34A7500E7CABE /* SDWebImageDecoder.m */; };
		988646CB1DC34A7500E7CABE /* SDWebImageDownloader.m in Sources */ = {isa = PBXBuildFile; fileRef = 988646AB1DC34A7500E7CABE /* SDWebImageDownloader.m */; };
		988646CC1DC34A7500E7CABE /* SDWebImageDownloaderOperation.m in Sources */ = {isa = PBXBuildFile; fileRef = 988646AD1DC34A7500E7CABE /* SDWebImageDownloaderOperation.m */; };
		988646CD1DC34A7500E7CABE /* SDWebImageManager.m in Sources */ = {isa = PBXBuildFile; fileRef = 988646AF1DC34A7500E7CABE /* SDWebImageManager.m */; };
		988646CE1DC34A7500E7CABE /* SDWebImagePrefetcher.m in Sources */ = {isa = PBXBuildFile; fileRef = 988646B21DC34A7500E7CABE /* SDWebImagePrefetcher.m */; };
		988646CF1DC34A7500E7CABE /* UIButton+WebCache.m in Sources */ = {isa = PBXBuildFile; fileRef = 988646B41DC34A7500E7CABE /* UIButton+WebCache.m */; };
		988646D01DC34A7500E7CABE /* UIImage+GIF.m in Sources */ = {isa = PBXBuildFile; fileRef = 988646B61DC34A7500E7CABE /* UIImage+GIF.m */; };
		988646D11DC34A7500E7CABE /* UIImage+MultiFormat.m in Sources */ = {isa = PBXBuildFile; fileRef = 988646B81DC34A7500E7CABE /* UIImage+MultiFormat.m */; };
		988646D21DC34A7500E7CABE /* UIImage+WebP.m in Sources */ = {isa = PBXBuildFile; fileRef = 988646BA1DC34A7500E7CABE /* UIImage+WebP.m */; };
		988646D31DC34A7500E7CABE /* UIImageView+HighlightedWebCache.m in Sources */ = {isa = PBXBuildFile; fileRef = 988646BC1DC34A7500E7CABE /* UIImageView+HighlightedWebCache.m */; };
		988646D41DC34A7500E7CABE /* UIImageView+WebCache.m in Sources */ = {isa = PBXBuildFile; fileRef = 988646BE1DC34A7500E7CABE /* UIImageView+WebCache.m */; };
		988646D51DC34A7500E7CABE /* UIView+WebCache.m in Sources */ = {isa = PBXBuildFile; fileRef = 988646C01DC34A7500E7CABE /* UIView+WebCache.m */; };
		988646D61DC34A7500E7CABE /* UIView+WebCacheOperation.m in Sources */ = {isa = PBXBuildFile; fileRef = 988646C21DC34A7500E7CABE /* UIView+WebCacheOperation.m */; };
		988646DC1DC34CD300E7CABE /* UIViewAdditions.m in Sources */ = {isa = PBXBuildFile; fileRef = 988646DB1DC34CD300E7CABE /* UIViewAdditions.m */; };
/* End PBXBuildFile section */

/* Begin PBXContainerItemProxy section */
		988646791DC31B3A00E7CABE /* PBXContainerItemProxy */ = {
			isa = PBXContainerItemProxy;
			containerPortal = 988646571DC31B3900E7CABE /* Project object */;
			proxyType = 1;
			remoteGlobalIDString = 9886465E1DC31B3A00E7CABE;
			remoteInfo = TestImage;
		};
		988646841DC31B3A00E7CABE /* PBXContainerItemProxy */ = {
			isa = PBXContainerItemProxy;
			containerPortal = 988646571DC31B3900E7CABE /* Project object */;
			proxyType = 1;
			remoteGlobalIDString = 9886465E1DC31B3A00E7CABE;
			remoteInfo = TestImage;
		};
/* End PBXContainerItemProxy section */

/* Begin PBXFileReference section */
		9886465F1DC31B3A00E7CABE /* TestImage.app */ = {isa = PBXFileReference; explicitFileType = wrapper.application; includeInIndex = 0; path = TestImage.app; sourceTree = BUILT_PRODUCTS_DIR; };
		988646631DC31B3A00E7CABE /* main.m */ = {isa = PBXFileReference; lastKnownFileType = sourcecode.c.objc; path = main.m; sourceTree = "<group>"; };
		988646651DC31B3A00E7CABE /* AppDelegate.h */ = {isa = PBXFileReference; lastKnownFileType = sourcecode.c.h; path = AppDelegate.h; sourceTree = "<group>"; };
		988646661DC31B3A00E7CABE /* AppDelegate.m */ = {isa = PBXFileReference; lastKnownFileType = sourcecode.c.objc; path = AppDelegate.m; sourceTree = "<group>"; };
		988646681DC31B3A00E7CABE /* ViewController.h */ = {isa = PBXFileReference; lastKnownFileType = sourcecode.c.h; path = ViewController.h; sourceTree = "<group>"; };
		988646691DC31B3A00E7CABE /* ViewController.m */ = {isa = PBXFileReference; lastKnownFileType = sourcecode.c.objc; path = ViewController.m; sourceTree = "<group>"; };
		9886466C1DC31B3A00E7CABE /* Base */ = {isa = PBXFileReference; lastKnownFileType = file.storyboard; name = Base; path = Base.lproj/Main.storyboard; sourceTree = "<group>"; };
		9886466E1DC31B3A00E7CABE /* Assets.xcassets */ = {isa = PBXFileReference; lastKnownFileType = folder.assetcatalog; path = Assets.xcassets; sourceTree = "<group>"; };
		988646711DC31B3A00E7CABE /* Base */ = {isa = PBXFileReference; lastKnownFileType = file.storyboard; name = Base; path = Base.lproj/LaunchScreen.storyboard; sourceTree = "<group>"; };
		988646731DC31B3A00E7CABE /* Info.plist */ = {isa = PBXFileReference; lastKnownFileType = text.plist.xml; path = Info.plist; sourceTree = "<group>"; };
		988646781DC31B3A00E7CABE /* TestImageTests.xctest */ = {isa = PBXFileReference; explicitFileType = wrapper.cfbundle; includeInIndex = 0; path = TestImageTests.xctest; sourceTree = BUILT_PRODUCTS_DIR; };
		9886467C1DC31B3A00E7CABE /* TestImageTests.m */ = {isa = PBXFileReference; lastKnownFileType = sourcecode.c.objc; path = TestImageTests.m; sourceTree = "<group>"; };
		9886467E1DC31B3A00E7CABE /* Info.plist */ = {isa = PBXFileReference; lastKnownFileType = text.plist.xml; path = Info.plist; sourceTree = "<group>"; };
		988646831DC31B3A00E7CABE /* TestImageUITests.xctest */ = {isa = PBXFileReference; explicitFileType = wrapper.cfbundle; includeInIndex = 0; path = TestImageUITests.xctest; sourceTree = BUILT_PRODUCTS_DIR; };
		988646871DC31B3A00E7CABE /* TestImageUITests.m */ = {isa = PBXFileReference; lastKnownFileType = sourcecode.c.objc; path = TestImageUITests.m; sourceTree = "<group>"; };
		988646891DC31B3A00E7CABE /* Info.plist */ = {isa = PBXFileReference; lastKnownFileType = text.plist.xml; path = Info.plist; sourceTree = "<group>"; };
		988646951DC31D0E00E7CABE /* 1.jpg */ = {isa = PBXFileReference; lastKnownFileType = image.jpeg; path = 1.jpg; sourceTree = "<group>"; };
		9886469C1DC34A7500E7CABE /* MKAnnotationView+WebCache.h */ = {isa = PBXFileReference; fileEncoding = 4; lastKnownFileType = sourcecode.c.h; path = "MKAnnotationView+WebCache.h"; sourceTree = "<group>"; };
		9886469D1DC34A7500E7CABE /* MKAnnotationView+WebCache.m */ = {isa = PBXFileReference; fileEncoding = 4; lastKnownFileType = sourcecode.c.objc; path = "MKAnnotationView+WebCache.m"; sourceTree = "<group>"; };
		9886469E1DC34A7500E7CABE /* NSData+ImageContentType.h */ = {isa = PBXFileReference; fileEncoding = 4; lastKnownFileType = sourcecode.c.h; path = "NSData+ImageContentType.h"; sourceTree = "<group>"; };
		9886469F1DC34A7500E7CABE /* NSData+ImageContentType.m */ = {isa = PBXFileReference; fileEncoding = 4; lastKnownFileType = sourcecode.c.objc; path = "NSData+ImageContentType.m"; sourceTree = "<group>"; };
		988646A01DC34A7500E7CABE /* NSImage+WebCache.h */ = {isa = PBXFileReference; fileEncoding = 4; lastKnownFileType = sourcecode.c.h; path = "NSImage+WebCache.h"; sourceTree = "<group>"; };
		988646A11DC34A7500E7CABE /* NSImage+WebCache.m */ = {isa = PBXFileReference; fileEncoding = 4; lastKnownFileType = sourcecode.c.objc; path = "NSImage+WebCache.m"; sourceTree = "<group>"; };
		988646A21DC34A7500E7CABE /* SDImageCache.h */ = {isa = PBXFileReference; fileEncoding = 4; lastKnownFileType = sourcecode.c.h; path = SDImageCache.h; sourceTree = "<group>"; };
		988646A31DC34A7500E7CABE /* SDImageCache.m */ = {isa = PBXFileReference; fileEncoding = 4; lastKnownFileType = sourcecode.c.objc; path = SDImageCache.m; sourceTree = "<group>"; };
		988646A41DC34A7500E7CABE /* SDImageCacheConfig.h */ = {isa = PBXFileReference; fileEncoding = 4; lastKnownFileType = sourcecode.c.h; path = SDImageCacheConfig.h; sourceTree = "<group>"; };
		988646A51DC34A7500E7CABE /* SDImageCacheConfig.m */ = {isa = PBXFileReference; fileEncoding = 4; lastKnownFileType = sourcecode.c.objc; path = SDImageCacheConfig.m; sourceTree = "<group>"; };
		988646A61DC34A7500E7CABE /* SDWebImageCompat.h */ = {isa = PBXFileReference; fileEncoding = 4; lastKnownFileType = sourcecode.c.h; path = SDWebImageCompat.h; sourceTree = "<group>"; };
		988646A71DC34A7500E7CABE /* SDWebImageCompat.m */ = {isa = PBXFileReference; fileEncoding = 4; lastKnownFileType = sourcecode.c.objc; path = SDWebImageCompat.m; sourceTree = "<group>"; };
		988646A81DC34A7500E7CABE /* SDWebImageDecoder.h */ = {isa = PBXFileReference; fileEncoding = 4; lastKnownFileType = sourcecode.c.h; path = SDWebImageDecoder.h; sourceTree = "<group>"; };
		988646A91DC34A7500E7CABE /* SDWebImageDecoder.m */ = {isa = PBXFileReference; fileEncoding = 4; lastKnownFileType = sourcecode.c.objc; path = SDWebImageDecoder.m; sourceTree = "<group>"; };
		988646AA1DC34A7500E7CABE /* SDWebImageDownloader.h */ = {isa = PBXFileReference; fileEncoding = 4; lastKnownFileType = sourcecode.c.h; path = SDWebImageDownloader.h; sourceTree = "<group>"; };
		988646AB1DC34A7500E7CABE /* SDWebImageDownloader.m */ = {isa = PBXFileReference; fileEncoding = 4; lastKnownFileType = sourcecode.c.objc; path = SDWebImageDownloader.m; sourceTree = "<group>"; };
		988646AC1DC34A7500E7CABE /* SDWebImageDownloaderOperation.h */ = {isa = PBXFileReference; fileEncoding = 4; lastKnownFileType = sourcecode.c.h; path = SDWebImageDownloaderOperation.h; sourceTree = "<group>"; };
		988646AD1DC34A7500E7CABE /* SDWebImageDownloaderOperation.m */ = {isa = PBXFileReference; fileEncoding = 4; lastKnownFileType = sourcecode.c.objc; path = SDWebImageDownloaderOperation.m; sourceTree = "<group>"; };
		988646AE1DC34A7500E7CABE /* SDWebImageManager.h */ = {isa = PBXFileReference; fileEncoding = 4; lastKnownFileType = sourcecode.c.h; path = SDWebImageManager.h; sourceTree = "<group>"; };
		988646AF1DC34A7500E7CABE /* SDWebImageManager.m */ = {isa = PBXFileReference; fileEncoding = 4; lastKnownFileType = sourcecode.c.objc; path = SDWebImageManager.m; sourceTree = "<group>"; };
		988646B01DC34A7500E7CABE /* SDWebImageOperation.h */ = {isa = PBXFileReference; fileEncoding = 4; lastKnownFileType = sourcecode.c.h; path = SDWebImageOperation.h; sourceTree = "<group>"; };
		988646B11DC34A7500E7CABE /* SDWebImagePrefetcher.h */ = {isa = PBXFileReference; fileEncoding = 4; lastKnownFileType = sourcecode.c.h; path = SDWebImagePrefetcher.h; sourceTree = "<group>"; };
		988646B21DC34A7500E7CABE /* SDWebImagePrefetcher.m */ = {isa = PBXFileReference; fileEncoding = 4; lastKnownFileType = sourcecode.c.objc; path = SDWebImagePrefetcher.m; sourceTree = "<group>"; };
		988646B31DC34A7500E7CABE /* UIButton+WebCache.h */ = {isa = PBXFileReference; fileEncoding = 4; lastKnownFileType = sourcecode.c.h; path = "UIButton+WebCache.h"; sourceTree = "<group>"; };
		988646B41DC34A7500E7CABE /* UIButton+WebCache.m */ = {isa = PBXFileReference; fileEncoding = 4; lastKnownFileType = sourcecode.c.objc; path = "UIButton+WebCache.m"; sourceTree = "<group>"; };
		988646B51DC34A7500E7CABE /* UIImage+GIF.h */ = {isa = PBXFileReference; fileEncoding = 4; lastKnownFileType = sourcecode.c.h; path = "UIImage+GIF.h"; sourceTree = "<group>"; };
		988646B61DC34A7500E7CABE /* UIImage+GIF.m */ = {isa = PBXFileReference; fileEncoding = 4; lastKnownFileType = sourcecode.c.objc; path = "UIImage+GIF.m"; sourceTree = "<group>"; };
		988646B71DC34A7500E7CABE /* UIImage+MultiFormat.h */ = {isa = PBXFileReference; fileEncoding = 4; lastKnownFileType = sourcecode.c.h; path = "UIImage+MultiFormat.h"; sourceTree = "<group>"; };
		988646B81DC34A7500E7CABE /* UIImage+MultiFormat.m */ = {isa = PBXFileReference; fileEncoding = 4; lastKnownFileType = sourcecode.c.objc; path = "UIImage+MultiFormat.m"; sourceTree = "<group>"; };
		988646B91DC34A7500E7CABE /* UIImage+WebP.h */ = {isa = PBXFileReference; fileEncoding = 4; lastKnownFileType = sourcecode.c.h; path = "UIImage+WebP.h"; sourceTree = "<group>"; };
		988646BA1DC34A7500E7CABE /* UIImage+WebP.m */ = {isa = PBXFileReference; fileEncoding = 4; lastKnownFileType = sourcecode.c.objc; path = "UIImage+WebP.m"; sourceTree = "<group>"; };
		988646BB1DC34A7500E7CABE /* UIImageView+HighlightedWebCache.h */ = {isa = PBXFileReference; fileEncoding = 4; lastKnownFileType = sourcecode.c.h; path = "UIImageView+HighlightedWebCache.h"; sourceTree = "<group>"; };
		988646BC1DC34A7500E7CABE /* UIImageView+HighlightedWebCache.m */ = {isa = PBXFileReference; fileEncoding = 4; lastKnownFileType = sourcecode.c.objc; path = "UIImageView+HighlightedWebCache.m"; sourceTree = "<group>"; };
		988646BD1DC34A7500E7CABE /* UIImageView+WebCache.h */ = {isa = PBXFileReference; fileEncoding = 4; lastKnownFileType = sourcecode.c.h; path = "UIImageView+WebCache.h"; sourceTree = "<group>"; };
		988646BE1DC34A7500E7CABE /* UIImageView+WebCache.m */ = {isa = PBXFileReference; fileEncoding = 4; lastKnownFileType = sourcecode.c.objc; path = "UIImageView+WebCache.m"; sourceTree = "<group>"; };
		988646BF1DC34A7500E7CABE /* UIView+WebCache.h */ = {isa = PBXFileReference; fileEncoding = 4; lastKnownFileType = sourcecode.c.h; path = "UIView+WebCache.h"; sourceTree = "<group>"; };
		988646C01DC34A7500E7CABE /* UIView+WebCache.m */ = {isa = PBXFileReference; fileEncoding = 4; lastKnownFileType = sourcecode.c.objc; path = "UIView+WebCache.m"; sourceTree = "<group>"; };
		988646C11DC34A7500E7CABE /* UIView+WebCacheOperation.h */ = {isa = PBXFileReference; fileEncoding = 4; lastKnownFileType = sourcecode.c.h; path = "UIView+WebCacheOperation.h"; sourceTree = "<group>"; };
		988646C21DC34A7500E7CABE /* UIView+WebCacheOperation.m */ = {isa = PBXFileReference; fileEncoding = 4; lastKnownFileType = sourcecode.c.objc; path = "UIView+WebCacheOperation.m"; sourceTree = "<group>"; };
		988646DA1DC34CD300E7CABE /* UIViewAdditions.h */ = {isa = PBXFileReference; fileEncoding = 4; lastKnownFileType = sourcecode.c.h; path = UIViewAdditions.h; sourceTree = "<group>"; };
		988646DB1DC34CD300E7CABE /* UIViewAdditions.m */ = {isa = PBXFileReference; fileEncoding = 4; lastKnownFileType = sourcecode.c.objc; path = UIViewAdditions.m; sourceTree = "<group>"; };
/* End PBXFileReference section */

/* Begin PBXFrameworksBuildPhase section */
		9886465C1DC31B3A00E7CABE /* Frameworks */ = {
			isa = PBXFrameworksBuildPhase;
			buildActionMask = 2147483647;
			files = (
			);
			runOnlyForDeploymentPostprocessing = 0;
		};
		988646751DC31B3A00E7CABE /* Frameworks */ = {
			isa = PBXFrameworksBuildPhase;
			buildActionMask = 2147483647;
			files = (
			);
			runOnlyForDeploymentPostprocessing = 0;
		};
		988646801DC31B3A00E7CABE /* Frameworks */ = {
			isa = PBXFrameworksBuildPhase;
			buildActionMask = 2147483647;
			files = (
			);
			runOnlyForDeploymentPostprocessing = 0;
		};
/* End PBXFrameworksBuildPhase section */

/* Begin PBXGroup section */
		988646561DC31B3900E7CABE = {
			isa = PBXGroup;
			children = (
				988646611DC31B3A00E7CABE /* TestImage */,
				9886467B1DC31B3A00E7CABE /* TestImageTests */,
				988646861DC31B3A00E7CABE /* TestImageUITests */,
				988646601DC31B3A00E7CABE /* Products */,
			);
			sourceTree = "<group>";
		};
		988646601DC31B3A00E7CABE /* Products */ = {
			isa = PBXGroup;
			children = (
				9886465F1DC31B3A00E7CABE /* TestImage.app */,
				988646781DC31B3A00E7CABE /* TestImageTests.xctest */,
				988646831DC31B3A00E7CABE /* TestImageUITests.xctest */,
			);
			name = Products;
			sourceTree = "<group>";
		};
		988646611DC31B3A00E7CABE /* TestImage */ = {
			isa = PBXGroup;
			children = (
				988646981DC34A7500E7CABE /* SDWebImage */,
				988646651DC31B3A00E7CABE /* AppDelegate.h */,
				988646661DC31B3A00E7CABE /* AppDelegate.m */,
				988646681DC31B3A00E7CABE /* ViewController.h */,
				988646691DC31B3A00E7CABE /* ViewController.m */,
				988646DA1DC34CD300E7CABE /* UIViewAdditions.h */,
				988646DB1DC34CD300E7CABE /* UIViewAdditions.m */,
				988646951DC31D0E00E7CABE /* 1.jpg */,
				9886466B1DC31B3A00E7CABE /* Main.storyboard */,
				9886466E1DC31B3A00E7CABE /* Assets.xcassets */,
				988646701DC31B3A00E7CABE /* LaunchScreen.storyboard */,
				988646731DC31B3A00E7CABE /* Info.plist */,
				988646621DC31B3A00E7CABE /* Supporting Files */,
			);
			path = TestImage;
			sourceTree = "<group>";
		};
		988646621DC31B3A00E7CABE /* Supporting Files */ = {
			isa = PBXGroup;
			children = (
				988646631DC31B3A00E7CABE /* main.m */,
			);
			name = "Supporting Files";
			sourceTree = "<group>";
		};
		9886467B1DC31B3A00E7CABE /* TestImageTests */ = {
			isa = PBXGroup;
			children = (
				9886467C1DC31B3A00E7CABE /* TestImageTests.m */,
				9886467E1DC31B3A00E7CABE /* Info.plist */,
			);
			path = TestImageTests;
			sourceTree = "<group>";
		};
		988646861DC31B3A00E7CABE /* TestImageUITests */ = {
			isa = PBXGroup;
			children = (
				988646871DC31B3A00E7CABE /* TestImageUITests.m */,
				988646891DC31B3A00E7CABE /* Info.plist */,
			);
			path = TestImageUITests;
			sourceTree = "<group>";
		};
		988646981DC34A7500E7CABE /* SDWebImage */ = {
			isa = PBXGroup;
			children = (
				9886469C1DC34A7500E7CABE /* MKAnnotationView+WebCache.h */,
				9886469D1DC34A7500E7CABE /* MKAnnotationView+WebCache.m */,
				9886469E1DC34A7500E7CABE /* NSData+ImageContentType.h */,
				9886469F1DC34A7500E7CABE /* NSData+ImageContentType.m */,
				988646A01DC34A7500E7CABE /* NSImage+WebCache.h */,
				988646A11DC34A7500E7CABE /* NSImage+WebCache.m */,
				988646A21DC34A7500E7CABE /* SDImageCache.h */,
				988646A31DC34A7500E7CABE /* SDImageCache.m */,
				988646A41DC34A7500E7CABE /* SDImageCacheConfig.h */,
				988646A51DC34A7500E7CABE /* SDImageCacheConfig.m */,
				988646A61DC34A7500E7CABE /* SDWebImageCompat.h */,
				988646A71DC34A7500E7CABE /* SDWebImageCompat.m */,
				988646A81DC34A7500E7CABE /* SDWebImageDecoder.h */,
				988646A91DC34A7500E7CABE /* SDWebImageDecoder.m */,
				988646AA1DC34A7500E7CABE /* SDWebImageDownloader.h */,
				988646AB1DC34A7500E7CABE /* SDWebImageDownloader.m */,
				988646AC1DC34A7500E7CABE /* SDWebImageDownloaderOperation.h */,
				988646AD1DC34A7500E7CABE /* SDWebImageDownloaderOperation.m */,
				988646AE1DC34A7500E7CABE /* SDWebImageManager.h */,
				988646AF1DC34A7500E7CABE /* SDWebImageManager.m */,
				988646B01DC34A7500E7CABE /* SDWebImageOperation.h */,
				988646B11DC34A7500E7CABE /* SDWebImagePrefetcher.h */,
				988646B21DC34A7500E7CABE /* SDWebImagePrefetcher.m */,
				988646B31DC34A7500E7CABE /* UIButton+WebCache.h */,
				988646B41DC34A7500E7CABE /* UIButton+WebCache.m */,
				988646B51DC34A7500E7CABE /* UIImage+GIF.h */,
				988646B61DC34A7500E7CABE /* UIImage+GIF.m */,
				988646B71DC34A7500E7CABE /* UIImage+MultiFormat.h */,
				988646B81DC34A7500E7CABE /* UIImage+MultiFormat.m */,
				988646B91DC34A7500E7CABE /* UIImage+WebP.h */,
				988646BA1DC34A7500E7CABE /* UIImage+WebP.m */,
				988646BB1DC34A7500E7CABE /* UIImageView+HighlightedWebCache.h */,
				988646BC1DC34A7500E7CABE /* UIImageView+HighlightedWebCache.m */,
				988646BD1DC34A7500E7CABE /* UIImageView+WebCache.h */,
				988646BE1DC34A7500E7CABE /* UIImageView+WebCache.m */,
				988646BF1DC34A7500E7CABE /* UIView+WebCache.h */,
				988646C01DC34A7500E7CABE /* UIView+WebCache.m */,
				988646C11DC34A7500E7CABE /* UIView+WebCacheOperation.h */,
				988646C21DC34A7500E7CABE /* UIView+WebCacheOperation.m */,
			);
			path = SDWebImage;
			sourceTree = "<group>";
		};
/* End PBXGroup section */

/* Begin PBXNativeTarget section */
		9886465E1DC31B3A00E7CABE /* TestImage */ = {
			isa = PBXNativeTarget;
			buildConfigurationList = 9886468C1DC31B3A00E7CABE /* Build configuration list for PBXNativeTarget "TestImage" */;
			buildPhases = (
				9886465B1DC31B3A00E7CABE /* Sources */,
				9886465C1DC31B3A00E7CABE /* Frameworks */,
				9886465D1DC31B3A00E7CABE /* Resources */,
			);
			buildRules = (
			);
			dependencies = (
			);
			name = TestImage;
			productName = TestImage;
			productReference = 9886465F1DC31B3A00E7CABE /* TestImage.app */;
			productType = "com.apple.product-type.application";
		};
		988646771DC31B3A00E7CABE /* TestImageTests */ = {
			isa = PBXNativeTarget;
			buildConfigurationList = 9886468F1DC31B3A00E7CABE /* Build configuration list for PBXNativeTarget "TestImageTests" */;
			buildPhases = (
				988646741DC31B3A00E7CABE /* Sources */,
				988646751DC31B3A00E7CABE /* Frameworks */,
				988646761DC31B3A00E7CABE /* Resources */,
			);
			buildRules = (
			);
			dependencies = (
				9886467A1DC31B3A00E7CABE /* PBXTargetDependency */,
			);
			name = TestImageTests;
			productName = TestImageTests;
			productReference = 988646781DC31B3A00E7CABE /* TestImageTests.xctest */;
			productType = "com.apple.product-type.bundle.unit-test";
		};
		988646821DC31B3A00E7CABE /* TestImageUITests */ = {
			isa = PBXNativeTarget;
			buildConfigurationList = 988646921DC31B3A00E7CABE /* Build configuration list for PBXNativeTarget "TestImageUITests" */;
			buildPhases = (
				9886467F1DC31B3A00E7CABE /* Sources */,
				988646801DC31B3A00E7CABE /* Frameworks */,
				988646811DC31B3A00E7CABE /* Resources */,
			);
			buildRules = (
			);
			dependencies = (
				988646851DC31B3A00E7CABE /* PBXTargetDependency */,
			);
			name = TestImageUITests;
			productName = TestImageUITests;
			productReference = 988646831DC31B3A00E7CABE /* TestImageUITests.xctest */;
			productType = "com.apple.product-type.bundle.ui-testing";
		};
/* End PBXNativeTarget section */

/* Begin PBXProject section */
		988646571DC31B3900E7CABE /* Project object */ = {
			isa = PBXProject;
			attributes = {
				LastUpgradeCheck = 0800;
				ORGANIZATIONNAME = zmMac;
				TargetAttributes = {
					9886465E1DC31B3A00E7CABE = {
						CreatedOnToolsVersion = 8.0;
						DevelopmentTeam = 4QQ73282F5;
						ProvisioningStyle = Automatic;
					};
					988646771DC31B3A00E7CABE = {
						CreatedOnToolsVersion = 8.0;
						DevelopmentTeam = 4QQ73282F5;
						ProvisioningStyle = Automatic;
						TestTargetID = 9886465E1DC31B3A00E7CABE;
					};
					988646821DC31B3A00E7CABE = {
						CreatedOnToolsVersion = 8.0;
						DevelopmentTeam = 4QQ73282F5;
						ProvisioningStyle = Automatic;
						TestTargetID = 9886465E1DC31B3A00E7CABE;
					};
				};
			};
			buildConfigurationList = 9886465A1DC31B3900E7CABE /* Build configuration list for PBXProject "TestImage" */;
			compatibilityVersion = "Xcode 3.2";
			developmentRegion = English;
			hasScannedForEncodings = 0;
			knownRegions = (
				en,
				Base,
			);
			mainGroup = 988646561DC31B3900E7CABE;
			productRefGroup = 988646601DC31B3A00E7CABE /* Products */;
			projectDirPath = "";
			projectRoot = "";
			targets = (
				9886465E1DC31B3A00E7CABE /* TestImage */,
				988646771DC31B3A00E7CABE /* TestImageTests */,
				988646821DC31B3A00E7CABE /* TestImageUITests */,
			);
		};
/* End PBXProject section */

/* Begin PBXResourcesBuildPhase section */
		9886465D1DC31B3A00E7CABE /* Resources */ = {
			isa = PBXResourcesBuildPhase;
			buildActionMask = 2147483647;
			files = (
				988646721DC31B3A00E7CABE /* LaunchScreen.storyboard in Resources */,
				988646961DC31D0E00E7CABE /* 1.jpg in Resources */,
				9886466F1DC31B3A00E7CABE /* Assets.xcassets in Resources */,
				9886466D1DC31B3A00E7CABE /* Main.storyboard in Resources */,
			);
			runOnlyForDeploymentPostprocessing = 0;
		};
		988646761DC31B3A00E7CABE /* Resources */ = {
			isa = PBXResourcesBuildPhase;
			buildActionMask = 2147483647;
			files = (
			);
			runOnlyForDeploymentPostprocessing = 0;
		};
		988646811DC31B3A00E7CABE /* Resources */ = {
			isa = PBXResourcesBuildPhase;
			buildActionMask = 2147483647;
			files = (
			);
			runOnlyForDeploymentPostprocessing = 0;
		};
/* End PBXResourcesBuildPhase section */

/* Begin PBXSourcesBuildPhase section */
		9886465B1DC31B3A00E7CABE /* Sources */ = {
			isa = PBXSourcesBuildPhase;
			buildActionMask = 2147483647;
			files = (
				988646D51DC34A7500E7CABE /* UIView+WebCache.m in Sources */,
				9886466A1DC31B3A00E7CABE /* ViewController.m in Sources */,
				988646CD1DC34A7500E7CABE /* SDWebImageManager.m in Sources */,
				988646C81DC34A7500E7CABE /* SDImageCacheConfig.m in Sources */,
				988646CC1DC34A7500E7CABE /* SDWebImageDownloaderOperation.m in Sources */,
				988646C61DC34A7500E7CABE /* NSImage+WebCache.m in Sources */,
				988646CF1DC34A7500E7CABE /* UIButton+WebCache.m in Sources */,
				988646D61DC34A7500E7CABE /* UIView+WebCacheOperation.m in Sources */,
				988646CE1DC34A7500E7CABE /* SDWebImagePrefetcher.m in Sources */,
				988646CB1DC34A7500E7CABE /* SDWebImageDownloader.m in Sources */,
				988646671DC31B3A00E7CABE /* AppDelegate.m in Sources */,
				988646D21DC34A7500E7CABE /* UIImage+WebP.m in Sources */,
				988646DC1DC34CD300E7CABE /* UIViewAdditions.m in Sources */,
				988646D41DC34A7500E7CABE /* UIImageView+WebCache.m in Sources */,
				988646CA1DC34A7500E7CABE /* SDWebImageDecoder.m in Sources */,
				988646C41DC34A7500E7CABE /* MKAnnotationView+WebCache.m in Sources */,
				988646C51DC34A7500E7CABE /* NSData+ImageContentType.m in Sources */,
				988646C91DC34A7500E7CABE /* SDWebImageCompat.m in Sources */,
				988646641DC31B3A00E7CABE /* main.m in Sources */,
				988646C71DC34A7500E7CABE /* SDImageCache.m in Sources */,
				988646D11DC34A7500E7CABE /* UIImage+MultiFormat.m in Sources */,
				988646D31DC34A7500E7CABE /* UIImageView+HighlightedWebCache.m in Sources */,
				988646D01DC34A7500E7CABE /* UIImage+GIF.m in Sources */,
			);
			runOnlyForDeploymentPostprocessing = 0;
		};
		988646741DC31B3A00E7CABE /* Sources */ = {
			isa = PBXSourcesBuildPhase;
			buildActionMask = 2147483647;
			files = (
				9886467D1DC31B3A00E7CABE /* TestImageTests.m in Sources */,
			);
			runOnlyForDeploymentPostprocessing = 0;
		};
		9886467F1DC31B3A00E7CABE /* Sources */ = {
			isa = PBXSourcesBuildPhase;
			buildActionMask = 2147483647;
			files = (
				988646881DC31B3A00E7CABE /* TestImageUITests.m in Sources */,
			);
			runOnlyForDeploymentPostprocessing = 0;
		};
/* End PBXSourcesBuildPhase section */

/* Begin PBXTargetDependency section */
		9886467A1DC31B3A00E7CABE /* PBXTargetDependency */ = {
			isa = PBXTargetDependency;
			target = 9886465E1DC31B3A00E7CABE /* TestImage */;
			targetProxy = 988646791DC31B3A00E7CABE /* PBXContainerItemProxy */;
		};
		988646851DC31B3A00E7CABE /* PBXTargetDependency */ = {
			isa = PBXTargetDependency;
			target = 9886465E1DC31B3A00E7CABE /* TestImage */;
			targetProxy = 988646841DC31B3A00E7CABE /* PBXContainerItemProxy */;
		};
/* End PBXTargetDependency section */

/* Begin PBXVariantGroup section */
		9886466B1DC31B3A00E7CABE /* Main.storyboard */ = {
			isa = PBXVariantGroup;
			children = (
				9886466C1DC31B3A00E7CABE /* Base */,
			);
			name = Main.storyboard;
			sourceTree = "<group>";
		};
		988646701DC31B3A00E7CABE /* LaunchScreen.storyboard */ = {
			isa = PBXVariantGroup;
			children = (
				988646711DC31B3A00E7CABE /* Base */,
			);
			name = LaunchScreen.storyboard;
			sourceTree = "<group>";
		};
/* End PBXVariantGroup section */

/* Begin XCBuildConfiguration section */
		9886468A1DC31B3A00E7CABE /* Debug */ = {
			isa = XCBuildConfiguration;
			buildSettings = {
				ALWAYS_SEARCH_USER_PATHS = NO;
				CLANG_ANALYZER_NONNULL = YES;
				CLANG_CXX_LANGUAGE_STANDARD = "gnu++0x";
				CLANG_CXX_LIBRARY = "libc++";
				CLANG_ENABLE_MODULES = YES;
				CLANG_ENABLE_OBJC_ARC = YES;
				CLANG_WARN_BOOL_CONVERSION = YES;
				CLANG_WARN_CONSTANT_CONVERSION = YES;
				CLANG_WARN_DIRECT_OBJC_ISA_USAGE = YES_ERROR;
				CLANG_WARN_DOCUMENTATION_COMMENTS = YES;
				CLANG_WARN_EMPTY_BODY = YES;
				CLANG_WARN_ENUM_CONVERSION = YES;
				CLANG_WARN_INFINITE_RECURSION = YES;
				CLANG_WARN_INT_CONVERSION = YES;
				CLANG_WARN_OBJC_ROOT_CLASS = YES_ERROR;
				CLANG_WARN_SUSPICIOUS_MOVES = YES;
				CLANG_WARN_UNREACHABLE_CODE = YES;
				CLANG_WARN__DUPLICATE_METHOD_MATCH = YES;
				"CODE_SIGN_IDENTITY[sdk=iphoneos*]" = "iPhone Developer";
				COPY_PHASE_STRIP = NO;
				DEBUG_INFORMATION_FORMAT = dwarf;
				ENABLE_STRICT_OBJC_MSGSEND = YES;
				ENABLE_TESTABILITY = YES;
				GCC_C_LANGUAGE_STANDARD = gnu99;
				GCC_DYNAMIC_NO_PIC = NO;
				GCC_NO_COMMON_BLOCKS = YES;
				GCC_OPTIMIZATION_LEVEL = 0;
				GCC_PREPROCESSOR_DEFINITIONS = (
					"DEBUG=1",
					"$(inherited)",
				);
				GCC_WARN_64_TO_32_BIT_CONVERSION = YES;
				GCC_WARN_ABOUT_RETURN_TYPE = YES_ERROR;
				GCC_WARN_UNDECLARED_SELECTOR = YES;
				GCC_WARN_UNINITIALIZED_AUTOS = YES_AGGRESSIVE;
				GCC_WARN_UNUSED_FUNCTION = YES;
				GCC_WARN_UNUSED_VARIABLE = YES;
				IPHONEOS_DEPLOYMENT_TARGET = 10.0;
				MTL_ENABLE_DEBUG_INFO = YES;
				ONLY_ACTIVE_ARCH = YES;
				SDKROOT = iphoneos;
				TARGETED_DEVICE_FAMILY = "1,2";
			};
			name = Debug;
		};
		9886468B1DC31B3A00E7CABE /* Release */ = {
			isa = XCBuildConfiguration;
			buildSettings = {
				ALWAYS_SEARCH_USER_PATHS = NO;
				CLANG_ANALYZER_NONNULL = YES;
				CLANG_CXX_LANGUAGE_STANDARD = "gnu++0x";
				CLANG_CXX_LIBRARY = "libc++";
				CLANG_ENABLE_MODULES = YES;
				CLANG_ENABLE_OBJC_ARC = YES;
				CLANG_WARN_BOOL_CONVERSION = YES;
				CLANG_WARN_CONSTANT_CONVERSION = YES;
				CLANG_WARN_DIRECT_OBJC_ISA_USAGE = YES_ERROR;
				CLANG_WARN_DOCUMENTATION_COMMENTS = YES;
				CLANG_WARN_EMPTY_BODY = YES;
				CLANG_WARN_ENUM_CONVERSION = YES;
				CLANG_WARN_INFINITE_RECURSION = YES;
				CLANG_WARN_INT_CONVERSION = YES;
				CLANG_WARN_OBJC_ROOT_CLASS = YES_ERROR;
				CLANG_WARN_SUSPICIOUS_MOVES = YES;
				CLANG_WARN_UNREACHABLE_CODE = YES;
				CLANG_WARN__DUPLICATE_METHOD_MATCH = YES;
				"CODE_SIGN_IDENTITY[sdk=iphoneos*]" = "iPhone Developer";
				COPY_PHASE_STRIP = NO;
				DEBUG_INFORMATION_FORMAT = "dwarf-with-dsym";
				ENABLE_NS_ASSERTIONS = NO;
				ENABLE_STRICT_OBJC_MSGSEND = YES;
				GCC_C_LANGUAGE_STANDARD = gnu99;
				GCC_NO_COMMON_BLOCKS = YES;
				GCC_WARN_64_TO_32_BIT_CONVERSION = YES;
				GCC_WARN_ABOUT_RETURN_TYPE = YES_ERROR;
				GCC_WARN_UNDECLARED_SELECTOR = YES;
				GCC_WARN_UNINITIALIZED_AUTOS = YES_AGGRESSIVE;
				GCC_WARN_UNUSED_FUNCTION = YES;
				GCC_WARN_UNUSED_VARIABLE = YES;
				IPHONEOS_DEPLOYMENT_TARGET = 10.0;
				MTL_ENABLE_DEBUG_INFO = NO;
				SDKROOT = iphoneos;
				TARGETED_DEVICE_FAMILY = "1,2";
				VALIDATE_PRODUCT = YES;
			};
			name = Release;
		};
		9886468D1DC31B3A00E7CABE /* Debug */ = {
			isa = XCBuildConfiguration;
			buildSettings = {
				ASSETCATALOG_COMPILER_APPICON_NAME = AppIcon;
				DEVELOPMENT_TEAM = 4QQ73282F5;
				INFOPLIST_FILE = TestImage/Info.plist;
				LD_RUNPATH_SEARCH_PATHS = "$(inherited) @executable_path/Frameworks";
				PRODUCT_BUNDLE_IDENTIFIER = com.pwccn.TestImage;
				PRODUCT_NAME = "$(TARGET_NAME)";
			};
			name = Debug;
		};
		9886468E1DC31B3A00E7CABE /* Release */ = {
			isa = XCBuildConfiguration;
			buildSettings = {
				ASSETCATALOG_COMPILER_APPICON_NAME = AppIcon;
				DEVELOPMENT_TEAM = 4QQ73282F5;
				INFOPLIST_FILE = TestImage/Info.plist;
				LD_RUNPATH_SEARCH_PATHS = "$(inherited) @executable_path/Frameworks";
				PRODUCT_BUNDLE_IDENTIFIER = com.pwccn.TestImage;
				PRODUCT_NAME = "$(TARGET_NAME)";
			};
			name = Release;
		};
		988646901DC31B3A00E7CABE /* Debug */ = {
			isa = XCBuildConfiguration;
			buildSettings = {
				BUNDLE_LOADER = "$(TEST_HOST)";
				DEVELOPMENT_TEAM = 4QQ73282F5;
				INFOPLIST_FILE = TestImageTests/Info.plist;
				LD_RUNPATH_SEARCH_PATHS = "$(inherited) @executable_path/Frameworks @loader_path/Frameworks";
				PRODUCT_BUNDLE_IDENTIFIER = com.pwccn.TestImageTests;
				PRODUCT_NAME = "$(TARGET_NAME)";
				TEST_HOST = "$(BUILT_PRODUCTS_DIR)/TestImage.app/TestImage";
			};
			name = Debug;
		};
		988646911DC31B3A00E7CABE /* Release */ = {
			isa = XCBuildConfiguration;
			buildSettings = {
				BUNDLE_LOADER = "$(TEST_HOST)";
				DEVELOPMENT_TEAM = 4QQ73282F5;
				INFOPLIST_FILE = TestImageTests/Info.plist;
				LD_RUNPATH_SEARCH_PATHS = "$(inherited) @executable_path/Frameworks @loader_path/Frameworks";
				PRODUCT_BUNDLE_IDENTIFIER = com.pwccn.TestImageTests;
				PRODUCT_NAME = "$(TARGET_NAME)";
				TEST_HOST = "$(BUILT_PRODUCTS_DIR)/TestImage.app/TestImage";
			};
			name = Release;
		};
		988646931DC31B3A00E7CABE /* Debug */ = {
			isa = XCBuildConfiguration;
			buildSettings = {
				DEVELOPMENT_TEAM = 4QQ73282F5;
				INFOPLIST_FILE = TestImageUITests/Info.plist;
				LD_RUNPATH_SEARCH_PATHS = "$(inherited) @executable_path/Frameworks @loader_path/Frameworks";
				PRODUCT_BUNDLE_IDENTIFIER = com.pwccn.TestImageUITests;
				PRODUCT_NAME = "$(TARGET_NAME)";
				TEST_TARGET_NAME = TestImage;
			};
			name = Debug;
		};
		988646941DC31B3A00E7CABE /* Release */ = {
			isa = XCBuildConfiguration;
			buildSettings = {
				DEVELOPMENT_TEAM = 4QQ73282F5;
				INFOPLIST_FILE = TestImageUITests/Info.plist;
				LD_RUNPATH_SEARCH_PATHS = "$(inherited) @executable_path/Frameworks @loader_path/Frameworks";
				PRODUCT_BUNDLE_IDENTIFIER = com.pwccn.TestImageUITests;
				PRODUCT_NAME = "$(TARGET_NAME)";
				TEST_TARGET_NAME = TestImage;
			};
			name = Release;
		};
/* End XCBuildConfiguration section */

/* Begin XCConfigurationList section */
		9886465A1DC31B3900E7CABE /* Build configuration list for PBXProject "TestImage" */ = {
			isa = XCConfigurationList;
			buildConfigurations = (
				9886468A1DC31B3A00E7CABE /* Debug */,
				9886468B1DC31B3A00E7CABE /* Release */,
			);
			defaultConfigurationIsVisible = 0;
			defaultConfigurationName = Release;
		};
		9886468C1DC31B3A00E7CABE /* Build configuration list for PBXNativeTarget "TestImage" */ = {
			isa = XCConfigurationList;
			buildConfigurations = (
				9886468D1DC31B3A00E7CABE /* Debug */,
				9886468E1DC31B3A00E7CABE /* Release */,
			);
			defaultConfigurationIsVisible = 0;
			defaultConfigurationName = Release;
		};
		9886468F1DC31B3A00E7CABE /* Build configuration list for PBXNativeTarget "TestImageTests" */ = {
			isa = XCConfigurationList;
			buildConfigurations = (
				988646901DC31B3A00E7CABE /* Debug */,
				988646911DC31B3A00E7CABE /* Release */,
			);
			defaultConfigurationIsVisible = 0;
			defaultConfigurationName = Release;
		};
		988646921DC31B3A00E7CABE /* Build configuration list for PBXNativeTarget "TestImageUITests" */ = {
			isa = XCConfigurationList;
			buildConfigurations = (
				988646931DC31B3A00E7CABE /* Debug */,
				988646941DC31B3A00E7CABE /* Release */,
			);
			defaultConfigurationIsVisible = 0;
			defaultConfigurationName = Release;
		};
/* End XCConfigurationList section */
	};
	rootObject = 988646571DC31B3900E7CABE /* Project object */;
}
